{
    "_meta": {
        "hash": {
            "sha256": "814b47b05024b79e3ae861e81667a4716e1a357b9974a31d9f9ce3e7c2c72141"
        },
        "pipfile-spec": 6,
        "requires": {
            "python_version": "3.9"
        },
        "sources": [
            {
                "name": "pypi",
                "url": "https://pypi.org/simple",
                "verify_ssl": true
            }
        ]
    },
    "default": {
        "click": {
            "hashes": [
                "sha256:7682dc8afb30297001674575ea00d1814d808d6a36af415a82bd481d37ba7b8e",
                "sha256:bb4d8133cb15a609f44e8213d9b391b0809795062913b383c62be0ee95b1db48"
            ],
            "markers": "python_version >= '3.7'",
            "version": "==8.1.3"
        },
        "flask": {
            "hashes": [
                "sha256:7eb373984bf1c770023fce9db164ed0c3353cd0b53f130f4693da0ca756a2e6d",
                "sha256:c0bec9477df1cb867e5a67c9e1ab758de9cb4a3e52dd70681f59fa40a62b3f2d"
            ],
            "index": "pypi",
            "version": "==2.2.3"
        },
        "flask-marshmallow": {
            "hashes": [
                "sha256:2adcd782b5a4a6c5ae3c96701f320d8ca6997995a52b2661093c56cc3ed24754",
                "sha256:bd01a6372cbe50e36f205cfff0fc5dab0b7b662c4c8b2c4fc06a3151b2950950"
            ],
            "index": "pypi",
            "version": "==0.14.0"
        },
        "flask-sqlalchemy": {
            "hashes": [
                "sha256:2764335f3c9d7ebdc9ed6044afaf98aae9fa50d7a074cef55dde307ec95903ec",
                "sha256:add5750b2f9cd10512995261ee2aa23fab85bd5626061aa3c564b33bb4aa780a"
            ],
            "index": "pypi",
            "version": "==3.0.3"
        },
        "importlib-metadata": {
            "hashes": [
                "sha256:7efb448ec9a5e313a57655d35aa54cd3e01b7e1fbcf72dce1bf06119420f5bad",
                "sha256:e354bedeb60efa6affdcc8ae121b73544a7aa74156d047311948f6d711cd378d"
            ],
            "markers": "python_version < '3.10'",
            "version": "==6.0.0"
        },
        "itsdangerous": {
            "hashes": [
                "sha256:2c2349112351b88699d8d4b6b075022c0808887cb7ad10069318a8b0bc88db44",
                "sha256:5dbbc68b317e5e42f327f9021763545dc3fc3bfe22e6deb96aaf1fc38874156a"
            ],
            "markers": "python_version >= '3.7'",
            "version": "==2.1.2"
        },
        "jinja2": {
            "hashes": [
                "sha256:31351a702a408a9e7595a8fc6150fc3f43bb6bf7e319770cbc0db9df9437e852",
                "sha256:6088930bfe239f0e6710546ab9c19c9ef35e29792895fed6e6e31a023a182a61"
            ],
            "markers": "python_version >= '3.7'",
            "version": "==3.1.2"
        },
        "markupsafe": {
            "hashes": [
                "sha256:0576fe974b40a400449768941d5d0858cc624e3249dfd1e0c33674e5c7ca7aed",
                "sha256:085fd3201e7b12809f9e6e9bc1e5c96a368c8523fad5afb02afe3c051ae4afcc",
                "sha256:090376d812fb6ac5f171e5938e82e7f2d7adc2b629101cec0db8b267815c85e2",
                "sha256:0b462104ba25f1ac006fdab8b6a01ebbfbce9ed37fd37fd4acd70c67c973e460",
                "sha256:137678c63c977754abe9086a3ec011e8fd985ab90631145dfb9294ad09c102a7",
                "sha256:1bea30e9bf331f3fef67e0a3877b2288593c98a21ccb2cf29b74c581a4eb3af0",
                "sha256:22152d00bf4a9c7c83960521fc558f55a1adbc0631fbb00a9471e097b19d72e1",
                "sha256:22731d79ed2eb25059ae3df1dfc9cb1546691cc41f4e3130fe6bfbc3ecbbecfa",
                "sha256:2298c859cfc5463f1b64bd55cb3e602528db6fa0f3cfd568d3605c50678f8f03",
                "sha256:28057e985dace2f478e042eaa15606c7efccb700797660629da387eb289b9323",
                "sha256:2e7821bffe00aa6bd07a23913b7f4e01328c3d5cc0b40b36c0bd81d362faeb65",
                "sha256:2ec4f2d48ae59bbb9d1f9d7efb9236ab81429a764dedca114f5fdabbc3788013",
                "sha256:340bea174e9761308703ae988e982005aedf427de816d1afe98147668cc03036",
                "sha256:40627dcf047dadb22cd25ea7ecfe9cbf3bbbad0482ee5920b582f3809c97654f",
                "sha256:40dfd3fefbef579ee058f139733ac336312663c6706d1163b82b3003fb1925c4",
                "sha256:4cf06cdc1dda95223e9d2d3c58d3b178aa5dacb35ee7e3bbac10e4e1faacb419",
                "sha256:50c42830a633fa0cf9e7d27664637532791bfc31c731a87b202d2d8ac40c3ea2",
                "sha256:55f44b440d491028addb3b88f72207d71eeebfb7b5dbf0643f7c023ae1fba619",
                "sha256:608e7073dfa9e38a85d38474c082d4281f4ce276ac0010224eaba11e929dd53a",
                "sha256:63ba06c9941e46fa389d389644e2d8225e0e3e5ebcc4ff1ea8506dce646f8c8a",
                "sha256:65608c35bfb8a76763f37036547f7adfd09270fbdbf96608be2bead319728fcd",
                "sha256:665a36ae6f8f20a4676b53224e33d456a6f5a72657d9c83c2aa00765072f31f7",
                "sha256:6d6607f98fcf17e534162f0709aaad3ab7a96032723d8ac8750ffe17ae5a0666",
                "sha256:7313ce6a199651c4ed9d7e4cfb4aa56fe923b1adf9af3b420ee14e6d9a73df65",
                "sha256:7668b52e102d0ed87cb082380a7e2e1e78737ddecdde129acadb0eccc5423859",
                "sha256:7df70907e00c970c60b9ef2938d894a9381f38e6b9db73c5be35e59d92e06625",
                "sha256:7e007132af78ea9df29495dbf7b5824cb71648d7133cf7848a2a5dd00d36f9ff",
                "sha256:835fb5e38fd89328e9c81067fd642b3593c33e1e17e2fdbf77f5676abb14a156",
                "sha256:8bca7e26c1dd751236cfb0c6c72d4ad61d986e9a41bbf76cb445f69488b2a2bd",
                "sha256:8db032bf0ce9022a8e41a22598eefc802314e81b879ae093f36ce9ddf39ab1ba",
                "sha256:99625a92da8229df6d44335e6fcc558a5037dd0a760e11d84be2260e6f37002f",
                "sha256:9cad97ab29dfc3f0249b483412c85c8ef4766d96cdf9dcf5a1e3caa3f3661cf1",
                "sha256:a4abaec6ca3ad8660690236d11bfe28dfd707778e2442b45addd2f086d6ef094",
                "sha256:a6e40afa7f45939ca356f348c8e23048e02cb109ced1eb8420961b2f40fb373a",
                "sha256:a6f2fcca746e8d5910e18782f976489939d54a91f9411c32051b4aab2bd7c513",
                "sha256:a806db027852538d2ad7555b203300173dd1b77ba116de92da9afbc3a3be3eed",
                "sha256:abcabc8c2b26036d62d4c746381a6f7cf60aafcc653198ad678306986b09450d",
                "sha256:b8526c6d437855442cdd3d87eede9c425c4445ea011ca38d937db299382e6fa3",
                "sha256:bb06feb762bade6bf3c8b844462274db0c76acc95c52abe8dbed28ae3d44a147",
                "sha256:c0a33bc9f02c2b17c3ea382f91b4db0e6cde90b63b296422a939886a7a80de1c",
                "sha256:c4a549890a45f57f1ebf99c067a4ad0cb423a05544accaf2b065246827ed9603",
                "sha256:ca244fa73f50a800cf8c3ebf7fd93149ec37f5cb9596aa8873ae2c1d23498601",
                "sha256:cf877ab4ed6e302ec1d04952ca358b381a882fbd9d1b07cccbfd61783561f98a",
                "sha256:d9d971ec1e79906046aa3ca266de79eac42f1dbf3612a05dc9368125952bd1a1",
                "sha256:da25303d91526aac3672ee6d49a2f3db2d9502a4a60b55519feb1a4c7714e07d",
                "sha256:e55e40ff0cc8cc5c07996915ad367fa47da6b3fc091fdadca7f5403239c5fec3",
                "sha256:f03a532d7dee1bed20bc4884194a16160a2de9ffc6354b3878ec9682bb623c54",
                "sha256:f1cd098434e83e656abf198f103a8207a8187c0fc110306691a2e94a78d0abb2",
                "sha256:f2bfb563d0211ce16b63c7cb9395d2c682a23187f54c3d79bfec33e6705473c6",
                "sha256:f8ffb705ffcf5ddd0e80b65ddf7bed7ee4f5a441ea7d3419e861a12eaf41af58"
            ],
            "markers": "python_version >= '3.7'",
            "version": "==2.1.2"
        },
        "marshmallow": {
            "hashes": [
                "sha256:90032c0fd650ce94b6ec6dc8dfeb0e3ff50c144586462c389b81a07205bedb78",
                "sha256:93f0958568da045b0021ec6aeb7ac37c81bfcccbb9a0e7ed8559885070b3a19b"
            ],
            "markers": "python_version >= '3.7'",
            "version": "==3.19.0"
        },
        "marshmallow-sqlalchemy": {
            "hashes": [
                "sha256:3523a774390ef0c1c0f7c708a7519809c5396cf608720f14f55c36f74ff5bbec",
                "sha256:3cee0bf61ed10687c0a41448e1916649b28222334a02f7b937c39d1c69c18bee"
            ],
            "index": "pypi",
            "version": "==0.29.0"
        },
        "packaging": {
            "hashes": [
                "sha256:714ac14496c3e68c99c29b00845f7a2b85f3bb6f1078fd9f72fd20f0570002b2",
                "sha256:b6ad297f8907de0fa2fe1ccbd26fdaf387f5f47c7275fedf8cce89f99446cf97"
            ],
            "markers": "python_version >= '3.7'",
            "version": "==23.0"
        },
        "six": {
            "hashes": [
                "sha256:1e61c37477a1626458e36f7b1d82aa5c9b094fa4802892072e49de9c60c4c926",
                "sha256:8abb2f1d86890a2dfb989f9a77cfcfd3e47c2a354b01111771326f8aa26e0254"
            ],
            "markers": "python_version >= '2.7' and python_version not in '3.0, 3.1, 3.2, 3.3'",
            "version": "==1.16.0"
        },
        "sqlalchemy": {
            "hashes": [
                "sha256:1df00f280fcf7628379c6838d47ac6abd2319848cb02984af313de9243994db8",
                "sha256:1fd154847f2c77128e16757e3fd2028151aa8208dd3b9a5978918ea786a15312",
                "sha256:20f36bff3b6c9fa94e40114fda4dc5048d40fd665390f5547b456a28e8059ee8",
                "sha256:224c817e880359d344a462fc4dd94a233804f371aa290b024b6b976a2f5ade36",
                "sha256:2ad44f45526411bebbf427cf858955a35f3a6bfd7db8f4314b12da4c0d1a4fd2",
                "sha256:2c4c64f321080c83a3f0eed11cc9b73fe2a574f6b8339c402861274165c24cf6",
                "sha256:3625a52fae744cff6f9beb6ed0775468b9eb7e6e8f6730676dfc49aa77d98b4e",
                "sha256:3be54b3825512b3de5698ae04bf4aad6ea60442ac0f6b91ee4b8fa4db5c2dccd",
                "sha256:4100c80070a66b042f1010b29b29a88d1d151c27a5e522c95ec07518b361a7a3",
                "sha256:47e96be3e8c9c0f2c71ec87599be4bb8409d61841b66964a36b2447bec510b3b",
                "sha256:483712fce53e2f7ec95ed7d106cd463f9fc122c28a7df4aaf2bc873d0d2a901f",
                "sha256:48824b989a0e4340cd099dd4539702ddb1a5ce449f8a7355124e40a4935a95fa",
                "sha256:4d653962da384a1d99795dbd8aac4a7516071b2f2984ed2aa25545fae670b808",
                "sha256:5b067b2eaf3d97a49f3f6217981efa7b45d5726c2142f103712b020dd250fd98",
                "sha256:5c35175b74cbcfe9af077bd13e87cfab13239e075c0e1e920095082f9377f0ed",
                "sha256:61abff42e44e5daf17372cb8baa90e970dc647fc5f747e2caa9f9768acf17be8",
                "sha256:6987f658389ad8bb6257db91551e7fde3e904974eef6f323856260907ef311d7",
                "sha256:709f1ecb5dcea59f36fa0f485e09e41ff313b2d62c83a6f99b36870b0d6e42fa",
                "sha256:7635cd38e3ea8522729b14451157104fce2117c44e7ba6a14684ed153d71b567",
                "sha256:778db814cc21eff200c8bd42b4ffe976fa3378d10fb84d2c164d3c6a30bb38ee",
                "sha256:81d4fc8f5c966677a3a2f39eb8e496442269d8c7d285b28145f7745fcc089d63",
                "sha256:82691d3539023c3cee5ae055c47bf873728cd6b33bfaa7b916bea5a99b92f700",
                "sha256:8ef7c56c74f4420b2c4a148d2531ba7f99b946cbf438a2bbcb2435fb4938a08d",
                "sha256:9310666251385e4374c6f0bae6d69e62bc422021298ceb8669bf6ff56957ff37",
                "sha256:ac6274dd530b684cca8cbb774e348afac6846f15d1694a56954413be6e2e8dcd",
                "sha256:b7be0e6a4061d28b66ca4b4eb24558dd8c6386d3bcd2d6d7ef247be27cf1281b",
                "sha256:bea2c1341abe9bc6f30071b8ada1a3c44f24ec0fe1b9418e9c1112ed32057c9e",
                "sha256:bfcadfb8f0a9d26a76a5e2488cedd2e7cf8e70fe76d58aeb1c85eb83b33cbc5c",
                "sha256:bfce790746d059af6d0bc68b578ba20d50a63c71a3db16edce7aa8eccdd73796",
                "sha256:bfde1d7cf8b9aa6bbd0d53946cd508d76db7689afd442e2289642cdc8908b7b7",
                "sha256:c343f0b546495f5d7a239c70bf50a99a48d7321c165b82afafa8483b9ebebf6e",
                "sha256:c5d754665edea1ecdc79e3023659cb5594372e10776f3b3734d75c2c3ce95013",
                "sha256:c76caced0c8e9129810895f71954c72f478e30bea7d0bba7130bade396be5048",
                "sha256:ca147d9cde38b481085408e1d4277ee834cb88bcc31bc01933bc6513340071bc",
                "sha256:d7bd001a40997f0c9a9ac10a57663a9397959966a5a365bb24a4d1a17aa60175",
                "sha256:db91fe985f2264ab49b3450ab7e2a59c34f7eaf3bf283d6b9e2f9ee02b29e533",
                "sha256:e0e270a4f5b42c67362d9c6af648cb86f6a00b20767553cfd734c914e1e2a5e0",
                "sha256:ed714b864349704a7a719ec7199eec3f9cd15c190ecf6e10c34b5a0c549c5c18",
                "sha256:edc16c8e24605d0a7925afaf99dbcbdc3f98a2cdda4622f1ea34482cb3b91940",
                "sha256:f47709c98544384d390aed34046f0573df5725d22861c0cd0a5c151bc22eedff",
                "sha256:ff10ad2d74a9a79c2984a2c709943e5362a1c898d8f3414815ea57515ae80c84"
            ],
            "markers": "python_version >= '3.7'",
            "version": "==2.0.6"
        },
        "sqlalchemy-utils": {
            "hashes": [
                "sha256:4c7098d4857d5cad1248bf7cd940727aecb75b596a5574b86a93b37079929520",
                "sha256:af803089a7929803faeb6173b90f29d1a67ad02f1d1e732f40b054a8eb3c7370"
            ],
            "index": "pypi",
            "version": "==0.40.0"
        },
        "typing-extensions": {
            "hashes": [
                "sha256:5cb5f4a79139d699607b3ef622a1dedafa84e115ab0024e0d9c044a9479ca7cb",
                "sha256:fb33085c39dd998ac16d1431ebc293a8b3eedd00fd4a32de0ff79002c19511b4"
            ],
            "markers": "python_version >= '3.7'",
            "version": "==4.5.0"
        },
        "werkzeug": {
            "hashes": [
                "sha256:2e1ccc9417d4da358b9de6f174e3ac094391ea1d4fbef2d667865d819dfd0afe",
                "sha256:56433961bc1f12533306c624f3be5e744389ac61d722175d543e1751285da612"
            ],
            "markers": "python_version >= '3.7'",
            "version": "==2.2.3"
        },
        "zipp": {
            "hashes": [
                "sha256:112929ad649da941c23de50f356a2b5570c954b65150642bccdd66bf194d224b",
                "sha256:48904fc76a60e542af151aded95726c1a5c34ed43ab4134b597665c86d7ad556"
            ],
            "markers": "python_version >= '3.7'",
            "version": "==3.15.0"
        }
    },
    "develop": {}
}
